// !$*UTF8*$!
{
	archiveVersion = 1;
	classes = {
	};
	objectVersion = 46;
	objects = {

/* Begin PBXBuildFile section */
		D06890B01C0D379500D13B59 /* main.m in Sources */ = {isa = PBXBuildFile; fileRef = D06890AF1C0D379500D13B59 /* main.m */; };
		D06890B31C0D379500D13B59 /* AppDelegate.m in Sources */ = {isa = PBXBuildFile; fileRef = D06890B21C0D379500D13B59 /* AppDelegate.m */; };
		D06890B61C0D379500D13B59 /* ViewController.m in Sources */ = {isa = PBXBuildFile; fileRef = D06890B51C0D379500D13B59 /* ViewController.m */; };
		D06890B91C0D379500D13B59 /* Main.storyboard in Resources */ = {isa = PBXBuildFile; fileRef = D06890B71C0D379500D13B59 /* Main.storyboard */; };
		D06890BB1C0D379500D13B59 /* Images.xcassets in Resources */ = {isa = PBXBuildFile; fileRef = D06890BA1C0D379500D13B59 /* Images.xcassets */; };
		D06890BE1C0D379500D13B59 /* LaunchScreen.xib in Resources */ = {isa = PBXBuildFile; fileRef = D06890BC1C0D379500D13B59 /* LaunchScreen.xib */; };
		D06890CA1C0D379600D13B59 /* TestGitTests.m in Sources */ = {isa = PBXBuildFile; fileRef = D06890C91C0D379600D13B59 /* TestGitTests.m */; };
/* End PBXBuildFile section */

/* Begin PBXContainerItemProxy section */
		D06890C41C0D379600D13B59 /* PBXContainerItemProxy */ = {
			isa = PBXContainerItemProxy;
			containerPortal = D06890A21C0D379500D13B59 /* Project object */;
			proxyType = 1;
			remoteGlobalIDString = D06890A91C0D379500D13B59;
			remoteInfo = TestGit;
		};
/* End PBXContainerItemProxy section */

/* Begin PBXFileReference section */
		D06890AA1C0D379500D13B59 /* TestGit.app */ = {isa = PBXFileReference; explicitFileType = wrapper.application; includeInIndex = 0; path = TestGit.app; sourceTree = BUILT_PRODUCTS_DIR; };
		D06890AE1C0D379500D13B59 /* Info.plist */ = {isa = PBXFileReference; lastKnownFileType = text.plist.xml; path = Info.plist; sourceTree = "<group>"; };
		D06890AF1C0D379500D13B59 /* main.m */ = {isa = PBXFileReference; lastKnownFileType = sourcecode.c.objc; path = main.m; sourceTree = "<group>"; };
		D06890B11C0D379500D13B59 /* AppDelegate.h */ = {isa = PBXFileReference; lastKnownFileType = sourcecode.c.h; path = AppDelegate.h; sourceTree = "<group>"; };
		D06890B21C0D379500D13B59 /* AppDelegate.m */ = {isa = PBXFileReference; lastKnownFileType = sourcecode.c.objc; path = AppDelegate.m; sourceTree = "<group>"; };
		D06890B41C0D379500D13B59 /* ViewController.h */ = {isa = PBXFileReference; lastKnownFileType = sourcecode.c.h; path = ViewController.h; sourceTree = "<group>"; };
		D06890B51C0D379500D13B59 /* ViewController.m */ = {isa = PBXFileReference; lastKnownFileType = sourcecode.c.objc; path = ViewController.m; sourceTree = "<group>"; };
		D06890B81C0D379500D13B59 /* Base */ = {isa = PBXFileReference; lastKnownFileType = file.storyboard; name = Base; path = Base.lproj/Main.storyboard; sourceTree = "<group>"; };
		D06890BA1C0D379500D13B59 /* Images.xcassets */ = {isa = PBXFileReference; lastKnownFileType = folder.assetcatalog; path = Images.xcassets; sourceTree = "<group>"; };
		D06890BD1C0D379500D13B59 /* Base */ = {isa = PBXFileReference; lastKnownFileType = file.xib; name = Base; path = Base.lproj/LaunchScreen.xib; sourceTree = "<group>"; };
		D06890C31C0D379600D13B59 /* TestGitTests.xctest */ = {isa = PBXFileReference; explicitFileType = wrapper.cfbundle; includeInIndex = 0; path = TestGitTests.xctest; sourceTree = BUILT_PRODUCTS_DIR; };
		D06890C81C0D379600D13B59 /* Info.plist */ = {isa = PBXFileReference; lastKnownFileType = text.plist.xml; path = Info.plist; sourceTree = "<group>"; };
		D06890C91C0D379600D13B59 /* TestGitTests.m */ = {isa = PBXFileReference; lastKnownFileType = sourcecode.c.objc; path = TestGitTests.m; sourceTree = "<group>"; };
/* End PBXFileReference section */

/* Begin PBXFrameworksBuildPhase section */
		D06890A71C0D379500D13B59 /* Frameworks */ = {
			isa = PBXFrameworksBuildPhase;
			buildActionMask = 2147483647;
			files = (
			);
			runOnlyForDeploymentPostprocessing = 0;
		};
		D06890C01C0D379600D13B59 /* Frameworks */ = {
			isa = PBXFrameworksBuildPhase;
			buildActionMask = 2147483647;
			files = (
			);
			runOnlyForDeploymentPostprocessing = 0;
		};
/* End PBXFrameworksBuildPhase section */

/* Begin PBXGroup section */
		D06890A11C0D379500D13B59 = {
			isa = PBXGroup;
			children = (
				D06890AC1C0D379500D13B59 /* TestGit */,
				D06890C61C0D379600D13B59 /* TestGitTests */,
				D06890AB1C0D379500D13B59 /* Products */,
			);
			sourceTree = "<group>";
		};
		D06890AB1C0D379500D13B59 /* Products */ = {
			isa = PBXGroup;
			children = (
				D06890AA1C0D379500D13B59 /* TestGit.app */,
				D06890C31C0D379600D13B59 /* TestGitTests.xctest */,
			);
			name = Products;
			sourceTree = "<group>";
		};
		D06890AC1C0D379500D13B59 /* TestGit */ = {
			isa = PBXGroup;
			children = (
				D06890B11C0D379500D13B59 /* AppDelegate.h */,
				D06890B21C0D379500D13B59 /* AppDelegate.m */,
				D06890B41C0D379500D13B59 /* ViewController.h */,
				D06890B51C0D379500D13B59 /* ViewController.m */,
				D06890B71C0D379500D13B59 /* Main.storyboard */,
				D06890BA1C0D379500D13B59 /* Images.xcassets */,
				D06890BC1C0D379500D13B59 /* LaunchScreen.xib */,
				D06890AD1C0D379500D13B59 /* Supporting Files */,
			);
			path = TestGit;
			sourceTree = "<group>";
		};
		D06890AD1C0D379500D13B59 /* Supporting Files */ = {
			isa = PBXGroup;
			children = (
				D06890AE1C0D379500D13B59 /* Info.plist */,
				D06890AF1C0D379500D13B59 /* main.m */,
			);
			name = "Supporting Files";
			sourceTree = "<group>";
		};
		D06890C61C0D379600D13B59 /* TestGitTests */ = {
			isa = PBXGroup;
			children = (
				D06890C91C0D379600D13B59 /* TestGitTests.m */,
				D06890C71C0D379600D13B59 /* Supporting Files */,
			);
			path = TestGitTests;
			sourceTree = "<group>";
		};
		D06890C71C0D379600D13B59 /* Supporting Files */ = {
			isa = PBXGroup;
			children = (
				D06890C81C0D379600D13B59 /* Info.plist */,
			);
			name = "Supporting Files";
			sourceTree = "<group>";
		};
/* End PBXGroup section */

/* Begin PBXNativeTarget section */
		D06890A91C0D379500D13B59 /* TestGit */ = {
			isa = PBXNativeTarget;
			buildConfigurationList = D06890CD1C0D379600D13B59 /* Build configuration list for PBXNativeTarget "TestGit" */;
			buildPhases = (
				D06890A61C0D379500D13B59 /* Sources */,
				D06890A71C0D379500D13B59 /* Frameworks */,
				D06890A81C0D379500D13B59 /* Resources */,
			);
			buildRules = (
			);
			dependencies = (
			);
			name = TestGit;
			productName = TestGit;
			productReference = D06890AA1C0D379500D13B59 /* TestGit.app */;
			productType = "com.apple.product-type.application";
		};
		D06890C21C0D379600D13B59 /* TestGitTests */ = {
			isa = PBXNativeTarget;
			buildConfigurationList = D06890D01C0D379600D13B59 /* Build configuration list for PBXNativeTarget "TestGitTests" */;
			buildPhases = (
				D06890BF1C0D379600D13B59 /* Sources */,
				D06890C01C0D379600D13B59 /* Frameworks */,
				D06890C11C0D379600D13B59 /* Resources */,
			);
			buildRules = (
			);
			dependencies = (
				D06890C51C0D379600D13B59 /* PBXTargetDependency */,
			);
			name = TestGitTests;
			productName = TestGitTests;
			productReference = D06890C31C0D379600D13B59 /* TestGitTests.xctest */;
			productType = "com.apple.product-type.bundle.unit-test";
		};
/* End PBXNativeTarget section */

/* Begin PBXProject section */
		D06890A21C0D379500D13B59 /* Project object */ = {
			isa = PBXProject;
			attributes = {
				LastUpgradeCheck = 0640;
				ORGANIZATIONNAME = kittyryoko;
				TargetAttributes = {
					D06890A91C0D379500D13B59 = {
						CreatedOnToolsVersion = 6.4;
					};
					D06890C21C0D379600D13B59 = {
						CreatedOnToolsVersion = 6.4;
						TestTargetID = D06890A91C0D379500D13B59;
					};
				};
			};
			buildConfigurationList = D06890A51C0D379500D13B59 /* Build configuration list for PBXProject "TestGit" */;
			compatibilityVersion = "Xcode 3.2";
			developmentRegion = English;
			hasScannedForEncodings = 0;
			knownRegions = (
				en,
				Base,
			);
			mainGroup = D06890A11C0D379500D13B59;
			productRefGroup = D06890AB1C0D379500D13B59 /* Products */;
			projectDirPath = "";
			projectRoot = "";
			targets = (
				D06890A91C0D379500D13B59 /* TestGit */,
				D06890C21C0D379600D13B59 /* TestGitTests */,
			);
		};
/* End PBXProject section */

/* Begin PBXResourcesBuildPhase section */
		D06890A81C0D379500D13B59 /* Resources */ = {
			isa = PBXResourcesBuildPhase;
			buildActionMask = 2147483647;
			files = (
				D06890B91C0D379500D13B59 /* Main.storyboard in Resources */,
				D06890BE1C0D379500D13B59 /* LaunchScreen.xib in Resources */,
				D06890BB1C0D379500D13B59 /* Images.xcassets in Resources */,
			);
			runOnlyForDeploymentPostprocessing = 0;
		};
		D06890C11C0D379600D13B59 /* Resources */ = {
			isa = PBXResourcesBuildPhase;
			buildActionMask = 2147483647;
			files = (
			);
			runOnlyForDeploymentPostprocessing = 0;
		};
/* End PBXResourcesBuildPhase section */

/* Begin PBXSourcesBuildPhase section */
		D06890A61C0D379500D13B59 /* Sources */ = {
			isa = PBXSourcesBuildPhase;
			buildActionMask = 2147483647;
			files = (
				D06890B61C0D379500D13B59 /* ViewController.m in Sources */,
				D06890B31C0D379500D13B59 /* AppDelegate.m in Sources */,
				D06890B01C0D379500D13B59 /* main.m in Sources */,
			);
			runOnlyForDeploymentPostprocessing = 0;
		};
		D06890BF1C0D379600D13B59 /* Sources */ = {
			isa = PBXSourcesBuildPhase;
			buildActionMask = 2147483647;
			files = (
				D06890CA1C0D379600D13B59 /* TestGitTests.m in Sources */,
			);
			runOnlyForDeploymentPostprocessing = 0;
		};
/* End PBXSourcesBuildPhase section */

/* Begin PBXTargetDependency section */
		D06890C51C0D379600D13B59 /* PBXTargetDependency */ = {
			isa = PBXTargetDependency;
			target = D06890A91C0D379500D13B59 /* TestGit */;
			targetProxy = D06890C41C0D379600D13B59 /* PBXContainerItemProxy */;
		};
/* End PBXTargetDependency section */

/* Begin PBXVariantGroup section */
		D06890B71C0D379500D13B59 /* Main.storyboard */ = {
			isa = PBXVariantGroup;
			children = (
				D06890B81C0D379500D13B59 /* Base */,
			);
			name = Main.storyboard;
			sourceTree = "<group>";
		};
		D06890BC1C0D379500D13B59 /* LaunchScreen.xib */ = {
			isa = PBXVariantGroup;
			children = (
				D06890BD1C0D379500D13B59 /* Base */,
			);
			name = LaunchScreen.xib;
			sourceTree = "<group>";
		};
/* End PBXVariantGroup section */

/* Begin XCBuildConfiguration section */
		D06890CB1C0D379600D13B59 /* Debug */ = {
			isa = XCBuildConfiguration;
			buildSettings = {
				ALWAYS_SEARCH_USER_PATHS = NO;
				CLANG_CXX_LANGUAGE_STANDARD = "gnu++0x";
				CLANG_CXX_LIBRARY = "libc++";
				CLANG_ENABLE_MODULES = YES;
				CLANG_ENABLE_OBJC_ARC = YES;
				CLANG_WARN_BOOL_CONVERSION = YES;
				CLANG_WARN_CONSTANT_CONVERSION = YES;
				CLANG_WARN_DIRECT_OBJC_ISA_USAGE = YES_ERROR;
				CLANG_WARN_EMPTY_BODY = YES;
				CLANG_WARN_ENUM_CONVERSION = YES;
				CLANG_WARN_INT_CONVERSION = YES;
				CLANG_WARN_OBJC_ROOT_CLASS = YES_ERROR;
				CLANG_WARN_UNREACHABLE_CODE = YES;
				CLANG_WARN__DUPLICATE_METHOD_MATCH = YES;
				"CODE_SIGN_IDENTITY[sdk=iphoneos*]" = "iPhone Developer";
				COPY_PHASE_STRIP = NO;
				DEBUG_INFORMATION_FORMAT = "dwarf-with-dsym";
				ENABLE_STRICT_OBJC_MSGSEND = YES;
				GCC_C_LANGUAGE_STANDARD = gnu99;
				GCC_DYNAMIC_NO_PIC = NO;
				GCC_NO_COMMON_BLOCKS = YES;
				GCC_OPTIMIZATION_LEVEL = 0;
				GCC_PREPROCESSOR_DEFINITIONS = (
					"DEBUG=1",
					"$(inherited)",
				);
				GCC_SYMBOLS_PRIVATE_EXTERN = NO;
				GCC_WARN_64_TO_32_BIT_CONVERSION = YES;
				GCC_WARN_ABOUT_RETURN_TYPE = YES_ERROR;
				GCC_WARN_UNDECLARED_SELECTOR = YES;
				GCC_WARN_UNINITIALIZED_AUTOS = YES_AGGRESSIVE;
				GCC_WARN_UNUSED_FUNCTION = YES;
				GCC_WARN_UNUSED_VARIABLE = YES;
				IPHONEOS_DEPLOYMENT_TARGET = 8.4;
				MTL_ENABLE_DEBUG_INFO = YES;
				ONLY_ACTIVE_ARCH = YES;
				SDKROOT = iphoneos;
			};
			name = Debug;
		};
		D06890CC1C0D379600D13B59 /* Release */ = {
			isa = XCBuildConfiguration;
			buildSettings = {
				ALWAYS_SEARCH_USER_PATHS = NO;
				CLANG_CXX_LANGUAGE_STANDARD = "gnu++0x";
				CLANG_CXX_LIBRARY = "libc++";
				CLANG_ENABLE_MODULES = YES;
				CLANG_ENABLE_OBJC_ARC = YES;
				CLANG_WARN_BOOL_CONVERSION = YES;
				CLANG_WARN_CONSTANT_CONVERSION = YES;
				CLANG_WARN_DIRECT_OBJC_ISA_USAGE = YES_ERROR;
				CLANG_WARN_EMPTY_BODY = YES;
				CLANG_WARN_ENUM_CONVERSION = YES;
				CLANG_WARN_INT_CONVERSION = YES;
				CLANG_WARN_OBJC_ROOT_CLASS = YES_ERROR;
				CLANG_WARN_UNREACHABLE_CODE = YES;
				CLANG_WARN__DUPLICATE_METHOD_MATCH = YES;
				"CODE_SIGN_IDENTITY[sdk=iphoneos*]" = "iPhone Developer";
				COPY_PHASE_STRIP = NO;
				DEBUG_INFORMATION_FORMAT = "dwarf-with-dsym";
				ENABLE_NS_ASSERTIONS = NO;
				ENABLE_STRICT_OBJC_MSGSEND = YES;
				GCC_C_LANGUAGE_STANDARD = gnu99;
				GCC_NO_COMMON_BLOCKS = YES;
				GCC_WARN_64_TO_32_BIT_CONVERSION = YES;
				GCC_WARN_ABOUT_RETURN_TYPE = YES_ERROR;
				GCC_WARN_UNDECLARED_SELECTOR = YES;
				GCC_WARN_UNINITIALIZED_AUTOS = YES_AGGRESSIVE;
				GCC_WARN_UNUSED_FUNCTION = YES;
				GCC_WARN_UNUSED_VARIABLE = YES;
				IPHONEOS_DEPLOYMENT_TARGET = 8.4;
				MTL_ENABLE_DEBUG_INFO = NO;
				SDKROOT = iphoneos;
				VALIDATE_PRODUCT = YES;
			};
			name = Release;
		};
		D06890CE1C0D379600D13B59 /* Debug */ = {
			isa = XCBuildConfiguration;
			buildSettings = {
				ASSETCATALOG_COMPILER_APPICON_NAME = AppIcon;
				INFOPLIST_FILE = TestGit/Info.plist;
				LD_RUNPATH_SEARCH_PATHS = "$(inherited) @executable_path/Frameworks";
				PRODUCT_NAME = "$(TARGET_NAME)";
			};
			name = Debug;
		};
		D06890CF1C0D379600D13B59 /* Release */ = {
			isa = XCBuildConfiguration;
			buildSettings = {
				ASSETCATALOG_COMPILER_APPICON_NAME = AppIcon;
				INFOPLIST_FILE = TestGit/Info.plist;
				LD_RUNPATH_SEARCH_PATHS = "$(inherited) @executable_path/Frameworks";
				PRODUCT_NAME = "$(TARGET_NAME)";
			};
			name = Release;
		};
		D06890D11C0D379600D13B59 /* Debug */ = {
			isa = XCBuildConfiguration;
			buildSettings = {
				BUNDLE_LOADER = "$(TEST_HOST)";
				FRAMEWORK_SEARCH_PATHS = (
					"$(SDKROOT)/Developer/Library/Frameworks",
					"$(inherited)",
				);
				GCC_PREPROCESSOR_DEFINITIONS = (
					"DEBUG=1",
					"$(inherited)",
				);
				INFOPLIST_FILE = TestGitTests/Info.plist;
				LD_RUNPATH_SEARCH_PATHS = "$(inherited) @executable_path/Frameworks @loader_path/Frameworks";
				PRODUCT_NAME = "$(TARGET_NAME)";
				TEST_HOST = "$(BUILT_PRODUCTS_DIR)/TestGit.app/TestGit";
			};
			name = Debug;
		};
		D06890D21C0D379600D13B59 /* Release */ = {
			isa = XCBuildConfiguration;
			buildSettings = {
				BUNDLE_LOADER = "$(TEST_HOST)";
				FRAMEWORK_SEARCH_PATHS = (
					"$(SDKROOT)/Developer/Library/Frameworks",
					"$(inherited)",
				);
				INFOPLIST_FILE = TestGitTests/Info.plist;
				LD_RUNPATH_SEARCH_PATHS = "$(inherited) @executable_path/Frameworks @loader_path/Frameworks";
				PRODUCT_NAME = "$(TARGET_NAME)";
				TEST_HOST = "$(BUILT_PRODUCTS_DIR)/TestGit.app/TestGit";
			};
			name = Release;
		};
/* End XCBuildConfiguration section */

/* Begin XCConfigurationList section */
		D06890A51C0D379500D13B59 /* Build configuration list for PBXProject "TestGit" */ = {
			isa = XCConfigurationList;
			buildConfigurations = (
				D06890CB1C0D379600D13B59 /* Debug */,
				D06890CC1C0D379600D13B59 /* Release */,
			);
			defaultConfigurationIsVisible = 0;
			defaultConfigurationName = Release;
		};
		D06890CD1C0D379600D13B59 /* Build configuration list for PBXNativeTarget "TestGit" */ = {
			isa = XCConfigurationList;
			buildConfigurations = (
				D06890CE1C0D379600D13B59 /* Debug */,
				D06890CF1C0D379600D13B59 /* Release */,
			);
			defaultConfigurationIsVisible = 0;
		};
		D06890D01C0D379600D13B59 /* Build configuration list for PBXNativeTarget "TestGitTests" */ = {
			isa = XCConfigurationList;
			buildConfigurations = (
				D06890D11C0D379600D13B59 /* Debug */,
				D06890D21C0D379600D13B59 /* Release */,
			);
			defaultConfigurationIsVisible = 0;
		};
/* End XCConfigurationList section */
	};
	rootObject = D06890A21C0D379500D13B59 /* Project object */;
}
